
Microsoft Visual Studio Solution File, Format Version 12.00
# Visual Studio Version 16
VisualStudioVersion = 16.0.31624.102
MinimumVisualStudioVersion = 10.0.40219.1
Project("{9A19103F-16F7-4668-BE54-9A1E7A4F7556}") = "task1", "task1\task1.csproj", "{B350BB41-C37C-4FC8-BABC-81E1C2CFA584}"
EndProject
Project("{FAE04EC0-301F-11D3-BF4B-00C04F79EFBC}") = "task1_test", "tests\task1_test.csproj", "{2B98D5E0-982C-42C8-BE39-3D5936BF236B}"
EndProject
Global
	GlobalSection(SolutionConfigurationPlatforms) = preSolution
		Debug|Any CPU = Debug|Any CPU
		Release|Any CPU = Release|Any CPU
	EndGlobalSection
	GlobalSection(ProjectConfigurationPlatforms) = postSolution
		{B350BB41-C37C-4FC8-BABC-81E1C2CFA584}.Debug|Any CPU.ActiveCfg = Debug|Any CPU
		{B350BB41-C37C-4FC8-BABC-81E1C2CFA584}.Debug|Any CPU.Build.0 = Debug|Any CPU
		{B350BB41-C37C-4FC8-BABC-81E1C2CFA584}.Release|Any CPU.ActiveCfg = Release|Any CPU
		{B350BB41-C37C-4FC8-BABC-81E1C2CFA584}.Release|Any CPU.Build.0 = Release|Any CPU
		{2B98D5E0-982C-42C8-BE39-3D5936BF236B}.Debug|Any CPU.ActiveCfg = Debug|Any CPU
		{2B98D5E0-982C-42C8-BE39-3D5936BF236B}.Debug|Any CPU.Build.0 = Debug|Any CPU
		{2B98D5E0-982C-42C8-BE39-3D5936BF236B}.Release|Any CPU.ActiveCfg = Release|Any CPU
		{2B98D5E0-982C-42C8-BE39-3D5936BF236B}.Release|Any CPU.Build.0 = Release|Any CPU
	EndGlobalSection
	GlobalSection(SolutionProperties) = preSolution
		HideSolutionNode = FALSE
	EndGlobalSection
	GlobalSection(ExtensibilityGlobals) = postSolution
		SolutionGuid = {7119848A-C712-4374-AC5C-FA9E683EC330}
	EndGlobalSection
EndGlobal
