
Microsoft Visual Studio Solution File, Format Version 12.00
# Visual Studio Version 17
VisualStudioVersion = 17.1.32414.318
MinimumVisualStudioVersion = 10.0.40219.1
Project("{FAE04EC0-301F-11D3-BF4B-00C04F79EFBC}") = "task_1", "task_1\task_1.csproj", "{95E0FB22-A6A5-42F1-B0C4-83EE46D74B12}"
EndProject
Project("{FAE04EC0-301F-11D3-BF4B-00C04F79EFBC}") = "task_1Tests", "task_1Tests\task_1Tests.csproj", "{152C0792-916B-43F1-B03B-C16ABE84595B}"
EndProject
Global
	GlobalSection(SolutionConfigurationPlatforms) = preSolution
		Debug|Any CPU = Debug|Any CPU
		Release|Any CPU = Release|Any CPU
	EndGlobalSection
	GlobalSection(ProjectConfigurationPlatforms) = postSolution
		{95E0FB22-A6A5-42F1-B0C4-83EE46D74B12}.Debug|Any CPU.ActiveCfg = Debug|Any CPU
		{95E0FB22-A6A5-42F1-B0C4-83EE46D74B12}.Debug|Any CPU.Build.0 = Debug|Any CPU
		{95E0FB22-A6A5-42F1-B0C4-83EE46D74B12}.Release|Any CPU.ActiveCfg = Release|Any CPU
		{95E0FB22-A6A5-42F1-B0C4-83EE46D74B12}.Release|Any CPU.Build.0 = Release|Any CPU
		{152C0792-916B-43F1-B03B-C16ABE84595B}.Debug|Any CPU.ActiveCfg = Debug|Any CPU
		{152C0792-916B-43F1-B03B-C16ABE84595B}.Debug|Any CPU.Build.0 = Debug|Any CPU
		{152C0792-916B-43F1-B03B-C16ABE84595B}.Release|Any CPU.ActiveCfg = Release|Any CPU
		{152C0792-916B-43F1-B03B-C16ABE84595B}.Release|Any CPU.Build.0 = Release|Any CPU
	EndGlobalSection
	GlobalSection(SolutionProperties) = preSolution
		HideSolutionNode = FALSE
	EndGlobalSection
	GlobalSection(ExtensibilityGlobals) = postSolution
		SolutionGuid = {63A073B2-B74E-4CBC-B62E-C78086BD49A2}
	EndGlobalSection
EndGlobal
